
Microsoft Visual Studio Solution File, Format Version 12.00
# Visual Studio Version 17
VisualStudioVersion = 17.7.34202.233
MinimumVisualStudioVersion = 10.0.40219.1
Project("{9A19103F-16F7-4668-BE54-9A1E7A4F7556}") = "WebAPI", "WebAPI\WebAPI.csproj", "{7F03B8C3-84B3-4675-BE98-470CB3D33EC9}"
EndProject
Project("{9A19103F-16F7-4668-BE54-9A1E7A4F7556}") = "DataAccess", "DataAccess\DataAccess.csproj", "{752F02FD-D82E-45AE-8218-AB6C970E3E96}"
EndProject
Project("{9A19103F-16F7-4668-BE54-9A1E7A4F7556}") = "Kong.Authentication.StarGateJWT.lib", "Kong.Authentication.StarGateJWT.lib\Kong.Authentication.StarGateJWT.lib.csproj", "{20238B76-EFC3-404B-B320-524104AB2A20}"
EndProject
Global
	GlobalSection(SolutionConfigurationPlatforms) = preSolution
		Debug|Any CPU = Debug|Any CPU
		Release|Any CPU = Release|Any CPU
	EndGlobalSection
	GlobalSection(ProjectConfigurationPlatforms) = postSolution
		{7F03B8C3-84B3-4675-BE98-470CB3D33EC9}.Debug|Any CPU.ActiveCfg = Debug|Any CPU
		{7F03B8C3-84B3-4675-BE98-470CB3D33EC9}.Debug|Any CPU.Build.0 = Debug|Any CPU
		{7F03B8C3-84B3-4675-BE98-470CB3D33EC9}.Release|Any CPU.ActiveCfg = Release|Any CPU
		{7F03B8C3-84B3-4675-BE98-470CB3D33EC9}.Release|Any CPU.Build.0 = Release|Any CPU
		{752F02FD-D82E-45AE-8218-AB6C970E3E96}.Debug|Any CPU.ActiveCfg = Debug|Any CPU
		{752F02FD-D82E-45AE-8218-AB6C970E3E96}.Debug|Any CPU.Build.0 = Debug|Any CPU
		{752F02FD-D82E-45AE-8218-AB6C970E3E96}.Release|Any CPU.ActiveCfg = Release|Any CPU
		{752F02FD-D82E-45AE-8218-AB6C970E3E96}.Release|Any CPU.Build.0 = Release|Any CPU
		{20238B76-EFC3-404B-B320-524104AB2A20}.Debug|Any CPU.ActiveCfg = Debug|Any CPU
		{20238B76-EFC3-404B-B320-524104AB2A20}.Debug|Any CPU.Build.0 = Debug|Any CPU
		{20238B76-EFC3-404B-B320-524104AB2A20}.Release|Any CPU.ActiveCfg = Release|Any CPU
		{20238B76-EFC3-404B-B320-524104AB2A20}.Release|Any CPU.Build.0 = Release|Any CPU
	EndGlobalSection
	GlobalSection(SolutionProperties) = preSolution
		HideSolutionNode = FALSE
	EndGlobalSection
	GlobalSection(ExtensibilityGlobals) = postSolution
		SolutionGuid = {9FF8A35C-6811-433D-A511-6F1BDCC75738}
	EndGlobalSection
	GlobalSection(TeamFoundationVersionControl) = preSolution
		SccNumberOfProjects = 4
		SccEnterpriseProvider = {4CA58AB2-18FA-4F8D-95D4-32DDF27D184C}
		SccTeamFoundationServer = https://azuredevops.optum.com/tfs/uhg
		SccLocalPath0 = .
		SccProjectUniqueName1 = WebAPI\\WebAPI.csproj
		SccProjectName1 = WebAPI
		SccLocalPath1 = WebAPI
		SccProjectUniqueName2 = DataAccess\\DataAccess.csproj
		SccProjectName2 = DataAccess
		SccLocalPath2 = DataAccess
		SccProjectUniqueName3 = Kong.Authentication.StarGateJWT.lib\\Kong.Authentication.StarGateJWT.lib.csproj
		SccProjectName3 = Kong.Authentication.StarGateJWT.lib
		SccLocalPath3 = Kong.Authentication.StarGateJWT.lib
	EndGlobalSection
EndGlobal
